
Microsoft Visual Studio Solution File, Format Version 12.00
# Visual Studio Version 16
VisualStudioVersion = 16.0.31729.503
MinimumVisualStudioVersion = 10.0.40219.1
Project("{FAE04EC0-301F-11D3-BF4B-00C04F79EFBC}") = "HataYonetimi", "HataYonetimi\HataYonetimi.csproj", "{FB2C8ECE-A23D-4B2A-A221-EAEB89E7450B}"
EndProject
Global
	GlobalSection(SolutionConfigurationPlatforms) = preSolution
		Debug|Any CPU = Debug|Any CPU
		Release|Any CPU = Release|Any CPU
	EndGlobalSection
	GlobalSection(ProjectConfigurationPlatforms) = postSolution
		{FB2C8ECE-A23D-4B2A-A221-EAEB89E7450B}.Debug|Any CPU.ActiveCfg = Debug|Any CPU
		{FB2C8ECE-A23D-4B2A-A221-EAEB89E7450B}.Debug|Any CPU.Build.0 = Debug|Any CPU
		{FB2C8ECE-A23D-4B2A-A221-EAEB89E7450B}.Release|Any CPU.ActiveCfg = Release|Any CPU
		{FB2C8ECE-A23D-4B2A-A221-EAEB89E7450B}.Release|Any CPU.Build.0 = Release|Any CPU
	EndGlobalSection
	GlobalSection(SolutionProperties) = preSolution
		HideSolutionNode = FALSE
	EndGlobalSection
	GlobalSection(ExtensibilityGlobals) = postSolution
		SolutionGuid = {522114D3-A1C4-460A-86E5-6ABFCEF44755}
	EndGlobalSection
EndGlobal
