
Microsoft Visual Studio Solution File, Format Version 12.00
# Visual Studio Version 16
VisualStudioVersion = 16.0.31729.503
MinimumVisualStudioVersion = 10.0.40219.1
Project("{FAE04EC0-301F-11D3-BF4B-00C04F79EFBC}") = "RekcursiveVeExtensionMetotlar", "RekcursiveVeExtensionMetotlar\RekcursiveVeExtensionMetotlar.csproj", "{82576B70-7F7A-4DF4-8521-4E8CF6087074}"
EndProject
Global
	GlobalSection(SolutionConfigurationPlatforms) = preSolution
		Debug|Any CPU = Debug|Any CPU
		Release|Any CPU = Release|Any CPU
	EndGlobalSection
	GlobalSection(ProjectConfigurationPlatforms) = postSolution
		{82576B70-7F7A-4DF4-8521-4E8CF6087074}.Debug|Any CPU.ActiveCfg = Debug|Any CPU
		{82576B70-7F7A-4DF4-8521-4E8CF6087074}.Debug|Any CPU.Build.0 = Debug|Any CPU
		{82576B70-7F7A-4DF4-8521-4E8CF6087074}.Release|Any CPU.ActiveCfg = Release|Any CPU
		{82576B70-7F7A-4DF4-8521-4E8CF6087074}.Release|Any CPU.Build.0 = Release|Any CPU
	EndGlobalSection
	GlobalSection(SolutionProperties) = preSolution
		HideSolutionNode = FALSE
	EndGlobalSection
	GlobalSection(ExtensibilityGlobals) = postSolution
		SolutionGuid = {EA393FD0-C038-40BF-AA46-177A1B0AB4A9}
	EndGlobalSection
EndGlobal
