
Microsoft Visual Studio Solution File, Format Version 12.00
# Visual Studio Version 16
VisualStudioVersion = 16.0.31729.503
MinimumVisualStudioVersion = 10.0.40219.1
Project("{FAE04EC0-301F-11D3-BF4B-00C04F79EFBC}") = "Metotlar", "Metotlar\Metotlar.csproj", "{B7F6A496-E5E3-44F6-B70A-F7850903152C}"
EndProject
Global
	GlobalSection(SolutionConfigurationPlatforms) = preSolution
		Debug|Any CPU = Debug|Any CPU
		Release|Any CPU = Release|Any CPU
	EndGlobalSection
	GlobalSection(ProjectConfigurationPlatforms) = postSolution
		{B7F6A496-E5E3-44F6-B70A-F7850903152C}.Debug|Any CPU.ActiveCfg = Debug|Any CPU
		{B7F6A496-E5E3-44F6-B70A-F7850903152C}.Debug|Any CPU.Build.0 = Debug|Any CPU
		{B7F6A496-E5E3-44F6-B70A-F7850903152C}.Release|Any CPU.ActiveCfg = Release|Any CPU
		{B7F6A496-E5E3-44F6-B70A-F7850903152C}.Release|Any CPU.Build.0 = Release|Any CPU
	EndGlobalSection
	GlobalSection(SolutionProperties) = preSolution
		HideSolutionNode = FALSE
	EndGlobalSection
	GlobalSection(ExtensibilityGlobals) = postSolution
		SolutionGuid = {21D36AC1-1522-4200-82CA-B0B517802F2D}
	EndGlobalSection
EndGlobal
