
Microsoft Visual Studio Solution File, Format Version 12.00
# Visual Studio Version 16
VisualStudioVersion = 16.0.31729.503
MinimumVisualStudioVersion = 10.0.40219.1
Project("{FAE04EC0-301F-11D3-BF4B-00C04F79EFBC}") = "soru2", "soru2\soru2.csproj", "{B249DA87-0C6C-40F2-B162-CA4272DF4CF4}"
EndProject
Global
	GlobalSection(SolutionConfigurationPlatforms) = preSolution
		Debug|Any CPU = Debug|Any CPU
		Release|Any CPU = Release|Any CPU
	EndGlobalSection
	GlobalSection(ProjectConfigurationPlatforms) = postSolution
		{B249DA87-0C6C-40F2-B162-CA4272DF4CF4}.Debug|Any CPU.ActiveCfg = Debug|Any CPU
		{B249DA87-0C6C-40F2-B162-CA4272DF4CF4}.Debug|Any CPU.Build.0 = Debug|Any CPU
		{B249DA87-0C6C-40F2-B162-CA4272DF4CF4}.Release|Any CPU.ActiveCfg = Release|Any CPU
		{B249DA87-0C6C-40F2-B162-CA4272DF4CF4}.Release|Any CPU.Build.0 = Release|Any CPU
	EndGlobalSection
	GlobalSection(SolutionProperties) = preSolution
		HideSolutionNode = FALSE
	EndGlobalSection
	GlobalSection(ExtensibilityGlobals) = postSolution
		SolutionGuid = {518774C2-4C7C-4521-9E51-A0D638BBFB04}
	EndGlobalSection
EndGlobal
