
Microsoft Visual Studio Solution File, Format Version 12.00
# Visual Studio Version 16
VisualStudioVersion = 16.0.31729.503
MinimumVisualStudioVersion = 10.0.40219.1
Project("{FAE04EC0-301F-11D3-BF4B-00C04F79EFBC}") = "Enum", "Enum\Enum.csproj", "{655697F6-3DE2-48CA-9A61-FC24A4FE1766}"
EndProject
Global
	GlobalSection(SolutionConfigurationPlatforms) = preSolution
		Debug|Any CPU = Debug|Any CPU
		Release|Any CPU = Release|Any CPU
	EndGlobalSection
	GlobalSection(ProjectConfigurationPlatforms) = postSolution
		{655697F6-3DE2-48CA-9A61-FC24A4FE1766}.Debug|Any CPU.ActiveCfg = Debug|Any CPU
		{655697F6-3DE2-48CA-9A61-FC24A4FE1766}.Debug|Any CPU.Build.0 = Debug|Any CPU
		{655697F6-3DE2-48CA-9A61-FC24A4FE1766}.Release|Any CPU.ActiveCfg = Release|Any CPU
		{655697F6-3DE2-48CA-9A61-FC24A4FE1766}.Release|Any CPU.Build.0 = Release|Any CPU
	EndGlobalSection
	GlobalSection(SolutionProperties) = preSolution
		HideSolutionNode = FALSE
	EndGlobalSection
	GlobalSection(ExtensibilityGlobals) = postSolution
		SolutionGuid = {F3C6C382-F9B6-43CD-BD5F-3AECDB083399}
	EndGlobalSection
EndGlobal
