
Microsoft Visual Studio Solution File, Format Version 12.00
# Visual Studio Version 16
VisualStudioVersion = 16.0.31729.503
MinimumVisualStudioVersion = 10.0.40219.1
Project("{FAE04EC0-301F-11D3-BF4B-00C04F79EFBC}") = "Operatorler", "Operatorler\Operatorler.csproj", "{2DDE6730-B350-4596-B201-3F89A3C52905}"
EndProject
Global
	GlobalSection(SolutionConfigurationPlatforms) = preSolution
		Debug|Any CPU = Debug|Any CPU
		Release|Any CPU = Release|Any CPU
	EndGlobalSection
	GlobalSection(ProjectConfigurationPlatforms) = postSolution
		{2DDE6730-B350-4596-B201-3F89A3C52905}.Debug|Any CPU.ActiveCfg = Debug|Any CPU
		{2DDE6730-B350-4596-B201-3F89A3C52905}.Debug|Any CPU.Build.0 = Debug|Any CPU
		{2DDE6730-B350-4596-B201-3F89A3C52905}.Release|Any CPU.ActiveCfg = Release|Any CPU
		{2DDE6730-B350-4596-B201-3F89A3C52905}.Release|Any CPU.Build.0 = Release|Any CPU
	EndGlobalSection
	GlobalSection(SolutionProperties) = preSolution
		HideSolutionNode = FALSE
	EndGlobalSection
	GlobalSection(ExtensibilityGlobals) = postSolution
		SolutionGuid = {6738B687-2634-493F-A658-FCBDFF7EDB8E}
	EndGlobalSection
EndGlobal
