
Microsoft Visual Studio Solution File, Format Version 12.00
# Visual Studio Version 16
VisualStudioVersion = 16.0.31729.503
MinimumVisualStudioVersion = 10.0.40219.1
Project("{FAE04EC0-301F-11D3-BF4B-00C04F79EFBC}") = "DateTimeVeMathSiniflari", "DateTimeVeMathSiniflari\DateTimeVeMathSiniflari.csproj", "{28A1188F-781E-439A-BCFB-3B79754A8A6C}"
EndProject
Global
	GlobalSection(SolutionConfigurationPlatforms) = preSolution
		Debug|Any CPU = Debug|Any CPU
		Release|Any CPU = Release|Any CPU
	EndGlobalSection
	GlobalSection(ProjectConfigurationPlatforms) = postSolution
		{28A1188F-781E-439A-BCFB-3B79754A8A6C}.Debug|Any CPU.ActiveCfg = Debug|Any CPU
		{28A1188F-781E-439A-BCFB-3B79754A8A6C}.Debug|Any CPU.Build.0 = Debug|Any CPU
		{28A1188F-781E-439A-BCFB-3B79754A8A6C}.Release|Any CPU.ActiveCfg = Release|Any CPU
		{28A1188F-781E-439A-BCFB-3B79754A8A6C}.Release|Any CPU.Build.0 = Release|Any CPU
	EndGlobalSection
	GlobalSection(SolutionProperties) = preSolution
		HideSolutionNode = FALSE
	EndGlobalSection
	GlobalSection(ExtensibilityGlobals) = postSolution
		SolutionGuid = {110C8E61-783C-44FE-BA4F-1F9169997329}
	EndGlobalSection
EndGlobal
