
Microsoft Visual Studio Solution File, Format Version 12.00
# Visual Studio Version 16
VisualStudioVersion = 16.0.31729.503
MinimumVisualStudioVersion = 10.0.40219.1
Project("{FAE04EC0-301F-11D3-BF4B-00C04F79EFBC}") = "soru1", "soru1\soru1.csproj", "{890E7C48-7C5D-46E6-85DF-66F29B5A7D03}"
EndProject
Global
	GlobalSection(SolutionConfigurationPlatforms) = preSolution
		Debug|Any CPU = Debug|Any CPU
		Release|Any CPU = Release|Any CPU
	EndGlobalSection
	GlobalSection(ProjectConfigurationPlatforms) = postSolution
		{890E7C48-7C5D-46E6-85DF-66F29B5A7D03}.Debug|Any CPU.ActiveCfg = Debug|Any CPU
		{890E7C48-7C5D-46E6-85DF-66F29B5A7D03}.Debug|Any CPU.Build.0 = Debug|Any CPU
		{890E7C48-7C5D-46E6-85DF-66F29B5A7D03}.Release|Any CPU.ActiveCfg = Release|Any CPU
		{890E7C48-7C5D-46E6-85DF-66F29B5A7D03}.Release|Any CPU.Build.0 = Release|Any CPU
	EndGlobalSection
	GlobalSection(SolutionProperties) = preSolution
		HideSolutionNode = FALSE
	EndGlobalSection
	GlobalSection(ExtensibilityGlobals) = postSolution
		SolutionGuid = {EE59667F-BE2A-4B64-B7BC-7C7E163D7729}
	EndGlobalSection
EndGlobal
