
Microsoft Visual Studio Solution File, Format Version 12.00
# Visual Studio Version 16
VisualStudioVersion = 16.0.31729.503
MinimumVisualStudioVersion = 10.0.40219.1
Project("{FAE04EC0-301F-11D3-BF4B-00C04F79EFBC}") = "Karar-Yapıları", "Karar-Yapıları\Karar-Yapıları.csproj", "{AD399E8C-CF4A-4C91-ADBD-4BE6FEFD047A}"
EndProject
Global
	GlobalSection(SolutionConfigurationPlatforms) = preSolution
		Debug|Any CPU = Debug|Any CPU
		Release|Any CPU = Release|Any CPU
	EndGlobalSection
	GlobalSection(ProjectConfigurationPlatforms) = postSolution
		{AD399E8C-CF4A-4C91-ADBD-4BE6FEFD047A}.Debug|Any CPU.ActiveCfg = Debug|Any CPU
		{AD399E8C-CF4A-4C91-ADBD-4BE6FEFD047A}.Debug|Any CPU.Build.0 = Debug|Any CPU
		{AD399E8C-CF4A-4C91-ADBD-4BE6FEFD047A}.Release|Any CPU.ActiveCfg = Release|Any CPU
		{AD399E8C-CF4A-4C91-ADBD-4BE6FEFD047A}.Release|Any CPU.Build.0 = Release|Any CPU
	EndGlobalSection
	GlobalSection(SolutionProperties) = preSolution
		HideSolutionNode = FALSE
	EndGlobalSection
	GlobalSection(ExtensibilityGlobals) = postSolution
		SolutionGuid = {7C34A444-88F8-4292-B960-C7EB91117A65}
	EndGlobalSection
EndGlobal
