
Microsoft Visual Studio Solution File, Format Version 12.00
# Visual Studio Version 16
VisualStudioVersion = 16.0.31729.503
MinimumVisualStudioVersion = 10.0.40219.1
Project("{FAE04EC0-301F-11D3-BF4B-00C04F79EFBC}") = "SinifKavrami", "SinifKavrami\SinifKavrami.csproj", "{8D14B2F8-81C2-43F3-B7E3-ED2CD076FAD5}"
EndProject
Global
	GlobalSection(SolutionConfigurationPlatforms) = preSolution
		Debug|Any CPU = Debug|Any CPU
		Release|Any CPU = Release|Any CPU
	EndGlobalSection
	GlobalSection(ProjectConfigurationPlatforms) = postSolution
		{8D14B2F8-81C2-43F3-B7E3-ED2CD076FAD5}.Debug|Any CPU.ActiveCfg = Debug|Any CPU
		{8D14B2F8-81C2-43F3-B7E3-ED2CD076FAD5}.Debug|Any CPU.Build.0 = Debug|Any CPU
		{8D14B2F8-81C2-43F3-B7E3-ED2CD076FAD5}.Release|Any CPU.ActiveCfg = Release|Any CPU
		{8D14B2F8-81C2-43F3-B7E3-ED2CD076FAD5}.Release|Any CPU.Build.0 = Release|Any CPU
	EndGlobalSection
	GlobalSection(SolutionProperties) = preSolution
		HideSolutionNode = FALSE
	EndGlobalSection
	GlobalSection(ExtensibilityGlobals) = postSolution
		SolutionGuid = {999A4FAA-F958-436D-9C9D-98A80F382FAA}
	EndGlobalSection
EndGlobal
